
Microsoft Visual Studio Solution File, Format Version 12.00
# Visual Studio Version 16
VisualStudioVersion = 16.0.30804.86
MinimumVisualStudioVersion = 10.0.40219.1
Project("{FAE04EC0-301F-11D3-BF4B-00C04F79EFBC}") = "CarScope", "CarScope.csproj", "{A1861EB3-111B-4045-BE88-39CFDC69F86A}"
EndProject
Global
	GlobalSection(SolutionConfigurationPlatforms) = preSolution
		Debug|Any CPU = Debug|Any CPU
		Release|Any CPU = Release|Any CPU
	EndGlobalSection
	GlobalSection(ProjectConfigurationPlatforms) = postSolution
		{A1861EB3-111B-4045-BE88-39CFDC69F86A}.Debug|Any CPU.ActiveCfg = Debug|Any CPU
		{A1861EB3-111B-4045-BE88-39CFDC69F86A}.Debug|Any CPU.Build.0 = Debug|Any CPU
		{A1861EB3-111B-4045-BE88-39CFDC69F86A}.Release|Any CPU.ActiveCfg = Release|Any CPU
		{A1861EB3-111B-4045-BE88-39CFDC69F86A}.Release|Any CPU.Build.0 = Release|Any CPU
	EndGlobalSection
	GlobalSection(SolutionProperties) = preSolution
		HideSolutionNode = FALSE
	EndGlobalSection
	GlobalSection(ExtensibilityGlobals) = postSolution
		SolutionGuid = {57170A92-0E95-4D65-B818-3E5190F0ACA7}
	EndGlobalSection
EndGlobal
